// !$*UTF8*$!
{
	archiveVersion = 1;
	classes = {
	};
	objectVersion = 50;
	objects = {

/* Begin PBXBuildFile section */
		4E1DC65A259AD8DD00C2FAD2 /* ScrcpyHubApp.swift in Sources */ = {isa = PBXBuildFile; fileRef = 4E1DC659259AD8DD00C2FAD2 /* ScrcpyHubApp.swift */; };
		4E1DC65C259AD8DD00C2FAD2 /* ContentView.swift in Sources */ = {isa = PBXBuildFile; fileRef = 4E1DC65B259AD8DD00C2FAD2 /* ContentView.swift */; };
		4E1DC65E259AD8DD00C2FAD2 /* Assets.xcassets in Resources */ = {isa = PBXBuildFile; fileRef = 4E1DC65D259AD8DD00C2FAD2 /* Assets.xcassets */; };
		4E1DC661259AD8DD00C2FAD2 /* Preview Assets.xcassets in Resources */ = {isa = PBXBuildFile; fileRef = 4E1DC660259AD8DD00C2FAD2 /* Preview Assets.xcassets */; };
		4E1DC66D259AD8DD00C2FAD2 /* ScrcpyHubTests.swift in Sources */ = {isa = PBXBuildFile; fileRef = 4E1DC66C259AD8DD00C2FAD2 /* ScrcpyHubTests.swift */; };
		4E1DC678259AD8DE00C2FAD2 /* ScrcpyHubUITests.swift in Sources */ = {isa = PBXBuildFile; fileRef = 4E1DC677259AD8DE00C2FAD2 /* ScrcpyHubUITests.swift */; };
/* End PBXBuildFile section */

/* Begin PBXContainerItemProxy section */
		4E1DC669259AD8DD00C2FAD2 /* PBXContainerItemProxy */ = {
			isa = PBXContainerItemProxy;
			containerPortal = 4E1DC64E259AD8DD00C2FAD2 /* Project object */;
			proxyType = 1;
			remoteGlobalIDString = 4E1DC655259AD8DD00C2FAD2;
			remoteInfo = ScrcpyHub;
		};
		4E1DC674259AD8DE00C2FAD2 /* PBXContainerItemProxy */ = {
			isa = PBXContainerItemProxy;
			containerPortal = 4E1DC64E259AD8DD00C2FAD2 /* Project object */;
			proxyType = 1;
			remoteGlobalIDString = 4E1DC655259AD8DD00C2FAD2;
			remoteInfo = ScrcpyHub;
		};
/* End PBXContainerItemProxy section */

/* Begin PBXFileReference section */
		4E1DC656259AD8DD00C2FAD2 /* ScrcpyHub.app */ = {isa = PBXFileReference; explicitFileType = wrapper.application; includeInIndex = 0; path = ScrcpyHub.app; sourceTree = BUILT_PRODUCTS_DIR; };
		4E1DC659259AD8DD00C2FAD2 /* ScrcpyHubApp.swift */ = {isa = PBXFileReference; lastKnownFileType = sourcecode.swift; path = ScrcpyHubApp.swift; sourceTree = "<group>"; };
		4E1DC65B259AD8DD00C2FAD2 /* ContentView.swift */ = {isa = PBXFileReference; lastKnownFileType = sourcecode.swift; path = ContentView.swift; sourceTree = "<group>"; };
		4E1DC65D259AD8DD00C2FAD2 /* Assets.xcassets */ = {isa = PBXFileReference; lastKnownFileType = folder.assetcatalog; path = Assets.xcassets; sourceTree = "<group>"; };
		4E1DC660259AD8DD00C2FAD2 /* Preview Assets.xcassets */ = {isa = PBXFileReference; lastKnownFileType = folder.assetcatalog; path = "Preview Assets.xcassets"; sourceTree = "<group>"; };
		4E1DC662259AD8DD00C2FAD2 /* Info.plist */ = {isa = PBXFileReference; lastKnownFileType = text.plist.xml; path = Info.plist; sourceTree = "<group>"; };
		4E1DC663259AD8DD00C2FAD2 /* ScrcpyHub.entitlements */ = {isa = PBXFileReference; lastKnownFileType = text.plist.entitlements; path = ScrcpyHub.entitlements; sourceTree = "<group>"; };
		4E1DC668259AD8DD00C2FAD2 /* ScrcpyHubTests.xctest */ = {isa = PBXFileReference; explicitFileType = wrapper.cfbundle; includeInIndex = 0; path = ScrcpyHubTests.xctest; sourceTree = BUILT_PRODUCTS_DIR; };
		4E1DC66C259AD8DD00C2FAD2 /* ScrcpyHubTests.swift */ = {isa = PBXFileReference; lastKnownFileType = sourcecode.swift; path = ScrcpyHubTests.swift; sourceTree = "<group>"; };
		4E1DC66E259AD8DD00C2FAD2 /* Info.plist */ = {isa = PBXFileReference; lastKnownFileType = text.plist.xml; path = Info.plist; sourceTree = "<group>"; };
		4E1DC673259AD8DE00C2FAD2 /* ScrcpyHubUITests.xctest */ = {isa = PBXFileReference; explicitFileType = wrapper.cfbundle; includeInIndex = 0; path = ScrcpyHubUITests.xctest; sourceTree = BUILT_PRODUCTS_DIR; };
		4E1DC677259AD8DE00C2FAD2 /* ScrcpyHubUITests.swift */ = {isa = PBXFileReference; lastKnownFileType = sourcecode.swift; path = ScrcpyHubUITests.swift; sourceTree = "<group>"; };
		4E1DC679259AD8DE00C2FAD2 /* Info.plist */ = {isa = PBXFileReference; lastKnownFileType = text.plist.xml; path = Info.plist; sourceTree = "<group>"; };
/* End PBXFileReference section */

/* Begin PBXFrameworksBuildPhase section */
		4E1DC653259AD8DD00C2FAD2 /* Frameworks */ = {
			isa = PBXFrameworksBuildPhase;
			buildActionMask = 2147483647;
			files = (
			);
			runOnlyForDeploymentPostprocessing = 0;
		};
		4E1DC665259AD8DD00C2FAD2 /* Frameworks */ = {
			isa = PBXFrameworksBuildPhase;
			buildActionMask = 2147483647;
			files = (
			);
			runOnlyForDeploymentPostprocessing = 0;
		};
		4E1DC670259AD8DE00C2FAD2 /* Frameworks */ = {
			isa = PBXFrameworksBuildPhase;
			buildActionMask = 2147483647;
			files = (
			);
			runOnlyForDeploymentPostprocessing = 0;
		};
/* End PBXFrameworksBuildPhase section */

/* Begin PBXGroup section */
		4E1DC64D259AD8DD00C2FAD2 = {
			isa = PBXGroup;
			children = (
				4E1DC658259AD8DD00C2FAD2 /* ScrcpyHub */,
				4E1DC66B259AD8DD00C2FAD2 /* ScrcpyHubTests */,
				4E1DC676259AD8DE00C2FAD2 /* ScrcpyHubUITests */,
				4E1DC657259AD8DD00C2FAD2 /* Products */,
			);
			sourceTree = "<group>";
		};
		4E1DC657259AD8DD00C2FAD2 /* Products */ = {
			isa = PBXGroup;
			children = (
				4E1DC656259AD8DD00C2FAD2 /* ScrcpyHub.app */,
				4E1DC668259AD8DD00C2FAD2 /* ScrcpyHubTests.xctest */,
				4E1DC673259AD8DE00C2FAD2 /* ScrcpyHubUITests.xctest */,
			);
			name = Products;
			sourceTree = "<group>";
		};
		4E1DC658259AD8DD00C2FAD2 /* ScrcpyHub */ = {
			isa = PBXGroup;
			children = (
				4E1DC659259AD8DD00C2FAD2 /* ScrcpyHubApp.swift */,
				4E1DC65B259AD8DD00C2FAD2 /* ContentView.swift */,
				4E1DC65D259AD8DD00C2FAD2 /* Assets.xcassets */,
				4E1DC662259AD8DD00C2FAD2 /* Info.plist */,
				4E1DC663259AD8DD00C2FAD2 /* ScrcpyHub.entitlements */,
				4E1DC65F259AD8DD00C2FAD2 /* Preview Content */,
			);
			path = ScrcpyHub;
			sourceTree = "<group>";
		};
		4E1DC65F259AD8DD00C2FAD2 /* Preview Content */ = {
			isa = PBXGroup;
			children = (
				4E1DC660259AD8DD00C2FAD2 /* Preview Assets.xcassets */,
			);
			path = "Preview Content";
			sourceTree = "<group>";
		};
		4E1DC66B259AD8DD00C2FAD2 /* ScrcpyHubTests */ = {
			isa = PBXGroup;
			children = (
				4E1DC66C259AD8DD00C2FAD2 /* ScrcpyHubTests.swift */,
				4E1DC66E259AD8DD00C2FAD2 /* Info.plist */,
			);
			path = ScrcpyHubTests;
			sourceTree = "<group>";
		};
		4E1DC676259AD8DE00C2FAD2 /* ScrcpyHubUITests */ = {
			isa = PBXGroup;
			children = (
				4E1DC677259AD8DE00C2FAD2 /* ScrcpyHubUITests.swift */,
				4E1DC679259AD8DE00C2FAD2 /* Info.plist */,
			);
			path = ScrcpyHubUITests;
			sourceTree = "<group>";
		};
/* End PBXGroup section */

/* Begin PBXNativeTarget section */
		4E1DC655259AD8DD00C2FAD2 /* ScrcpyHub */ = {
			isa = PBXNativeTarget;
			buildConfigurationList = 4E1DC67C259AD8DE00C2FAD2 /* Build configuration list for PBXNativeTarget "ScrcpyHub" */;
			buildPhases = (
				4E1DC652259AD8DD00C2FAD2 /* Sources */,
				4E1DC653259AD8DD00C2FAD2 /* Frameworks */,
				4E1DC654259AD8DD00C2FAD2 /* Resources */,
			);
			buildRules = (
			);
			dependencies = (
			);
			name = ScrcpyHub;
			productName = ScrcpyHub;
			productReference = 4E1DC656259AD8DD00C2FAD2 /* ScrcpyHub.app */;
			productType = "com.apple.product-type.application";
		};
		4E1DC667259AD8DD00C2FAD2 /* ScrcpyHubTests */ = {
			isa = PBXNativeTarget;
			buildConfigurationList = 4E1DC67F259AD8DE00C2FAD2 /* Build configuration list for PBXNativeTarget "ScrcpyHubTests" */;
			buildPhases = (
				4E1DC664259AD8DD00C2FAD2 /* Sources */,
				4E1DC665259AD8DD00C2FAD2 /* Frameworks */,
				4E1DC666259AD8DD00C2FAD2 /* Resources */,
			);
			buildRules = (
			);
			dependencies = (
				4E1DC66A259AD8DD00C2FAD2 /* PBXTargetDependency */,
			);
			name = ScrcpyHubTests;
			productName = ScrcpyHubTests;
			productReference = 4E1DC668259AD8DD00C2FAD2 /* ScrcpyHubTests.xctest */;
			productType = "com.apple.product-type.bundle.unit-test";
		};
		4E1DC672259AD8DE00C2FAD2 /* ScrcpyHubUITests */ = {
			isa = PBXNativeTarget;
			buildConfigurationList = 4E1DC682259AD8DE00C2FAD2 /* Build configuration list for PBXNativeTarget "ScrcpyHubUITests" */;
			buildPhases = (
				4E1DC66F259AD8DE00C2FAD2 /* Sources */,
				4E1DC670259AD8DE00C2FAD2 /* Frameworks */,
				4E1DC671259AD8DE00C2FAD2 /* Resources */,
			);
			buildRules = (
			);
			dependencies = (
				4E1DC675259AD8DE00C2FAD2 /* PBXTargetDependency */,
			);
			name = ScrcpyHubUITests;
			productName = ScrcpyHubUITests;
			productReference = 4E1DC673259AD8DE00C2FAD2 /* ScrcpyHubUITests.xctest */;
			productType = "com.apple.product-type.bundle.ui-testing";
		};
/* End PBXNativeTarget section */

/* Begin PBXProject section */
		4E1DC64E259AD8DD00C2FAD2 /* Project object */ = {
			isa = PBXProject;
			attributes = {
				LastSwiftUpdateCheck = 1230;
				LastUpgradeCheck = 1230;
				TargetAttributes = {
					4E1DC655259AD8DD00C2FAD2 = {
						CreatedOnToolsVersion = 12.3;
					};
					4E1DC667259AD8DD00C2FAD2 = {
						CreatedOnToolsVersion = 12.3;
						TestTargetID = 4E1DC655259AD8DD00C2FAD2;
					};
					4E1DC672259AD8DE00C2FAD2 = {
						CreatedOnToolsVersion = 12.3;
						TestTargetID = 4E1DC655259AD8DD00C2FAD2;
					};
				};
			};
			buildConfigurationList = 4E1DC651259AD8DD00C2FAD2 /* Build configuration list for PBXProject "ScrcpyHub" */;
			compatibilityVersion = "Xcode 9.3";
			developmentRegion = en;
			hasScannedForEncodings = 0;
			knownRegions = (
				en,
				Base,
			);
			mainGroup = 4E1DC64D259AD8DD00C2FAD2;
			productRefGroup = 4E1DC657259AD8DD00C2FAD2 /* Products */;
			projectDirPath = "";
			projectRoot = "";
			targets = (
				4E1DC655259AD8DD00C2FAD2 /* ScrcpyHub */,
				4E1DC667259AD8DD00C2FAD2 /* ScrcpyHubTests */,
				4E1DC672259AD8DE00C2FAD2 /* ScrcpyHubUITests */,
			);
		};
/* End PBXProject section */

/* Begin PBXResourcesBuildPhase section */
		4E1DC654259AD8DD00C2FAD2 /* Resources */ = {
			isa = PBXResourcesBuildPhase;
			buildActionMask = 2147483647;
			files = (
				4E1DC661259AD8DD00C2FAD2 /* Preview Assets.xcassets in Resources */,
				4E1DC65E259AD8DD00C2FAD2 /* Assets.xcassets in Resources */,
			);
			runOnlyForDeploymentPostprocessing = 0;
		};
		4E1DC666259AD8DD00C2FAD2 /* Resources */ = {
			isa = PBXResourcesBuildPhase;
			buildActionMask = 2147483647;
			files = (
			);
			runOnlyForDeploymentPostprocessing = 0;
		};
		4E1DC671259AD8DE00C2FAD2 /* Resources */ = {
			isa = PBXResourcesBuildPhase;
			buildActionMask = 2147483647;
			files = (
			);
			runOnlyForDeploymentPostprocessing = 0;
		};
/* End PBXResourcesBuildPhase section */

/* Begin PBXSourcesBuildPhase section */
		4E1DC652259AD8DD00C2FAD2 /* Sources */ = {
			isa = PBXSourcesBuildPhase;
			buildActionMask = 2147483647;
			files = (
				4E1DC65C259AD8DD00C2FAD2 /* ContentView.swift in Sources */,
				4E1DC65A259AD8DD00C2FAD2 /* ScrcpyHubApp.swift in Sources */,
			);
			runOnlyForDeploymentPostprocessing = 0;
		};
		4E1DC664259AD8DD00C2FAD2 /* Sources */ = {
			isa = PBXSourcesBuildPhase;
			buildActionMask = 2147483647;
			files = (
				4E1DC66D259AD8DD00C2FAD2 /* ScrcpyHubTests.swift in Sources */,
			);
			runOnlyForDeploymentPostprocessing = 0;
		};
		4E1DC66F259AD8DE00C2FAD2 /* Sources */ = {
			isa = PBXSourcesBuildPhase;
			buildActionMask = 2147483647;
			files = (
				4E1DC678259AD8DE00C2FAD2 /* ScrcpyHubUITests.swift in Sources */,
			);
			runOnlyForDeploymentPostprocessing = 0;
		};
/* End PBXSourcesBuildPhase section */

/* Begin PBXTargetDependency section */
		4E1DC66A259AD8DD00C2FAD2 /* PBXTargetDependency */ = {
			isa = PBXTargetDependency;
			target = 4E1DC655259AD8DD00C2FAD2 /* ScrcpyHub */;
			targetProxy = 4E1DC669259AD8DD00C2FAD2 /* PBXContainerItemProxy */;
		};
		4E1DC675259AD8DE00C2FAD2 /* PBXTargetDependency */ = {
			isa = PBXTargetDependency;
			target = 4E1DC655259AD8DD00C2FAD2 /* ScrcpyHub */;
			targetProxy = 4E1DC674259AD8DE00C2FAD2 /* PBXContainerItemProxy */;
		};
/* End PBXTargetDependency section */

/* Begin XCBuildConfiguration section */
		4E1DC67A259AD8DE00C2FAD2 /* Debug */ = {
			isa = XCBuildConfiguration;
			buildSettings = {
				ALWAYS_SEARCH_USER_PATHS = NO;
				CLANG_ANALYZER_NONNULL = YES;
				CLANG_ANALYZER_NUMBER_OBJECT_CONVERSION = YES_AGGRESSIVE;
				CLANG_CXX_LANGUAGE_STANDARD = "gnu++14";
				CLANG_CXX_LIBRARY = "libc++";
				CLANG_ENABLE_MODULES = YES;
				CLANG_ENABLE_OBJC_ARC = YES;
				CLANG_ENABLE_OBJC_WEAK = YES;
				CLANG_WARN_BLOCK_CAPTURE_AUTORELEASING = YES;
				CLANG_WARN_BOOL_CONVERSION = YES;
				CLANG_WARN_COMMA = YES;
				CLANG_WARN_CONSTANT_CONVERSION = YES;
				CLANG_WARN_DEPRECATED_OBJC_IMPLEMENTATIONS = YES;
				CLANG_WARN_DIRECT_OBJC_ISA_USAGE = YES_ERROR;
				CLANG_WARN_DOCUMENTATION_COMMENTS = YES;
				CLANG_WARN_EMPTY_BODY = YES;
				CLANG_WARN_ENUM_CONVERSION = YES;
				CLANG_WARN_INFINITE_RECURSION = YES;
				CLANG_WARN_INT_CONVERSION = YES;
				CLANG_WARN_NON_LITERAL_NULL_CONVERSION = YES;
				CLANG_WARN_OBJC_IMPLICIT_RETAIN_SELF = YES;
				CLANG_WARN_OBJC_LITERAL_CONVERSION = YES;
				CLANG_WARN_OBJC_ROOT_CLASS = YES_ERROR;
				CLANG_WARN_QUOTED_INCLUDE_IN_FRAMEWORK_HEADER = YES;
				CLANG_WARN_RANGE_LOOP_ANALYSIS = YES;
				CLANG_WARN_STRICT_PROTOTYPES = YES;
				CLANG_WARN_SUSPICIOUS_MOVE = YES;
				CLANG_WARN_UNGUARDED_AVAILABILITY = YES_AGGRESSIVE;
				CLANG_WARN_UNREACHABLE_CODE = YES;
				CLANG_WARN__DUPLICATE_METHOD_MATCH = YES;
				COPY_PHASE_STRIP = NO;
				DEBUG_INFORMATION_FORMAT = dwarf;
				ENABLE_STRICT_OBJC_MSGSEND = YES;
				ENABLE_TESTABILITY = YES;
				GCC_C_LANGUAGE_STANDARD = gnu11;
				GCC_DYNAMIC_NO_PIC = NO;
				GCC_NO_COMMON_BLOCKS = YES;
				GCC_OPTIMIZATION_LEVEL = 0;
				GCC_PREPROCESSOR_DEFINITIONS = (
					"DEBUG=1",
					"$(inherited)",
				);
				GCC_WARN_64_TO_32_BIT_CONVERSION = YES;
				GCC_WARN_ABOUT_RETURN_TYPE = YES_ERROR;
				GCC_WARN_UNDECLARED_SELECTOR = YES;
				GCC_WARN_UNINITIALIZED_AUTOS = YES_AGGRESSIVE;
				GCC_WARN_UNUSED_FUNCTION = YES;
				GCC_WARN_UNUSED_VARIABLE = YES;
				MACOSX_DEPLOYMENT_TARGET = 11.1;
				MTL_ENABLE_DEBUG_INFO = INCLUDE_SOURCE;
				MTL_FAST_MATH = YES;
				ONLY_ACTIVE_ARCH = YES;
				SDKROOT = macosx;
				SWIFT_ACTIVE_COMPILATION_CONDITIONS = DEBUG;
				SWIFT_OPTIMIZATION_LEVEL = "-Onone";
			};
			name = Debug;
		};
		4E1DC67B259AD8DE00C2FAD2 /* Release */ = {
			isa = XCBuildConfiguration;
			buildSettings = {
				ALWAYS_SEARCH_USER_PATHS = NO;
				CLANG_ANALYZER_NONNULL = YES;
				CLANG_ANALYZER_NUMBER_OBJECT_CONVERSION = YES_AGGRESSIVE;
				CLANG_CXX_LANGUAGE_STANDARD = "gnu++14";
				CLANG_CXX_LIBRARY = "libc++";
				CLANG_ENABLE_MODULES = YES;
				CLANG_ENABLE_OBJC_ARC = YES;
				CLANG_ENABLE_OBJC_WEAK = YES;
				CLANG_WARN_BLOCK_CAPTURE_AUTORELEASING = YES;
				CLANG_WARN_BOOL_CONVERSION = YES;
				CLANG_WARN_COMMA = YES;
				CLANG_WARN_CONSTANT_CONVERSION = YES;
				CLANG_WARN_DEPRECATED_OBJC_IMPLEMENTATIONS = YES;
				CLANG_WARN_DIRECT_OBJC_ISA_USAGE = YES_ERROR;
				CLANG_WARN_DOCUMENTATION_COMMENTS = YES;
				CLANG_WARN_EMPTY_BODY = YES;
				CLANG_WARN_ENUM_CONVERSION = YES;
				CLANG_WARN_INFINITE_RECURSION = YES;
				CLANG_WARN_INT_CONVERSION = YES;
				CLANG_WARN_NON_LITERAL_NULL_CONVERSION = YES;
				CLANG_WARN_OBJC_IMPLICIT_RETAIN_SELF = YES;
				CLANG_WARN_OBJC_LITERAL_CONVERSION = YES;
				CLANG_WARN_OBJC_ROOT_CLASS = YES_ERROR;
				CLANG_WARN_QUOTED_INCLUDE_IN_FRAMEWORK_HEADER = YES;
				CLANG_WARN_RANGE_LOOP_ANALYSIS = YES;
				CLANG_WARN_STRICT_PROTOTYPES = YES;
				CLANG_WARN_SUSPICIOUS_MOVE = YES;
				CLANG_WARN_UNGUARDED_AVAILABILITY = YES_AGGRESSIVE;
				CLANG_WARN_UNREACHABLE_CODE = YES;
				CLANG_WARN__DUPLICATE_METHOD_MATCH = YES;
				COPY_PHASE_STRIP = NO;
				DEBUG_INFORMATION_FORMAT = "dwarf-with-dsym";
				ENABLE_NS_ASSERTIONS = NO;
				ENABLE_STRICT_OBJC_MSGSEND = YES;
				GCC_C_LANGUAGE_STANDARD = gnu11;
				GCC_NO_COMMON_BLOCKS = YES;
				GCC_WARN_64_TO_32_BIT_CONVERSION = YES;
				GCC_WARN_ABOUT_RETURN_TYPE = YES_ERROR;
				GCC_WARN_UNDECLARED_SELECTOR = YES;
				GCC_WARN_UNINITIALIZED_AUTOS = YES_AGGRESSIVE;
				GCC_WARN_UNUSED_FUNCTION = YES;
				GCC_WARN_UNUSED_VARIABLE = YES;
				MACOSX_DEPLOYMENT_TARGET = 11.1;
				MTL_ENABLE_DEBUG_INFO = NO;
				MTL_FAST_MATH = YES;
				SDKROOT = macosx;
				SWIFT_COMPILATION_MODE = wholemodule;
				SWIFT_OPTIMIZATION_LEVEL = "-O";
			};
			name = Release;
		};
		4E1DC67D259AD8DE00C2FAD2 /* Debug */ = {
			isa = XCBuildConfiguration;
			buildSettings = {
				ASSETCATALOG_COMPILER_APPICON_NAME = AppIcon;
				ASSETCATALOG_COMPILER_GLOBAL_ACCENT_COLOR_NAME = AccentColor;
				CODE_SIGN_ENTITLEMENTS = ScrcpyHub/ScrcpyHub.entitlements;
				CODE_SIGN_STYLE = Automatic;
				COMBINE_HIDPI_IMAGES = YES;
				DEVELOPMENT_ASSET_PATHS = "\"ScrcpyHub/Preview Content\"";
				ENABLE_PREVIEWS = YES;
				INFOPLIST_FILE = ScrcpyHub/Info.plist;
				LD_RUNPATH_SEARCH_PATHS = (
					"$(inherited)",
					"@executable_path/../Frameworks",
				);
				MACOSX_DEPLOYMENT_TARGET = 11.0;
				PRODUCT_BUNDLE_IDENTIFIER = kaleidot725.ScrcpyHub;
				PRODUCT_NAME = "$(TARGET_NAME)";
				SWIFT_VERSION = 5.0;
			};
			name = Debug;
		};
		4E1DC67E259AD8DE00C2FAD2 /* Release */ = {
			isa = XCBuildConfiguration;
			buildSettings = {
				ASSETCATALOG_COMPILER_APPICON_NAME = AppIcon;
				ASSETCATALOG_COMPILER_GLOBAL_ACCENT_COLOR_NAME = AccentColor;
				CODE_SIGN_ENTITLEMENTS = ScrcpyHub/ScrcpyHub.entitlements;
				CODE_SIGN_STYLE = Automatic;
				COMBINE_HIDPI_IMAGES = YES;
				DEVELOPMENT_ASSET_PATHS = "\"ScrcpyHub/Preview Content\"";
				ENABLE_PREVIEWS = YES;
				INFOPLIST_FILE = ScrcpyHub/Info.plist;
				LD_RUNPATH_SEARCH_PATHS = (
					"$(inherited)",
					"@executable_path/../Frameworks",
				);
				MACOSX_DEPLOYMENT_TARGET = 11.0;
				PRODUCT_BUNDLE_IDENTIFIER = kaleidot725.ScrcpyHub;
				PRODUCT_NAME = "$(TARGET_NAME)";
				SWIFT_VERSION = 5.0;
			};
			name = Release;
		};
		4E1DC680259AD8DE00C2FAD2 /* Debug */ = {
			isa = XCBuildConfiguration;
			buildSettings = {
				ALWAYS_EMBED_SWIFT_STANDARD_LIBRARIES = YES;
				BUNDLE_LOADER = "$(TEST_HOST)";
				CODE_SIGN_STYLE = Automatic;
				COMBINE_HIDPI_IMAGES = YES;
				INFOPLIST_FILE = ScrcpyHubTests/Info.plist;
				LD_RUNPATH_SEARCH_PATHS = (
					"$(inherited)",
					"@executable_path/../Frameworks",
					"@loader_path/../Frameworks",
				);
				MACOSX_DEPLOYMENT_TARGET = 11.0;
				PRODUCT_BUNDLE_IDENTIFIER = kaleidot725.ScrcpyHubTests;
				PRODUCT_NAME = "$(TARGET_NAME)";
				SWIFT_VERSION = 5.0;
				TEST_HOST = "$(BUILT_PRODUCTS_DIR)/ScrcpyHub.app/Contents/MacOS/ScrcpyHub";
			};
			name = Debug;
		};
		4E1DC681259AD8DE00C2FAD2 /* Release */ = {
			isa = XCBuildConfiguration;
			buildSettings = {
				ALWAYS_EMBED_SWIFT_STANDARD_LIBRARIES = YES;
				BUNDLE_LOADER = "$(TEST_HOST)";
				CODE_SIGN_STYLE = Automatic;
				COMBINE_HIDPI_IMAGES = YES;
				INFOPLIST_FILE = ScrcpyHubTests/Info.plist;
				LD_RUNPATH_SEARCH_PATHS = (
					"$(inherited)",
					"@executable_path/../Frameworks",
					"@loader_path/../Frameworks",
				);
				MACOSX_DEPLOYMENT_TARGET = 11.0;
				PRODUCT_BUNDLE_IDENTIFIER = kaleidot725.ScrcpyHubTests;
				PRODUCT_NAME = "$(TARGET_NAME)";
				SWIFT_VERSION = 5.0;
				TEST_HOST = "$(BUILT_PRODUCTS_DIR)/ScrcpyHub.app/Contents/MacOS/ScrcpyHub";
			};
			name = Release;
		};
		4E1DC683259AD8DE00C2FAD2 /* Debug */ = {
			isa = XCBuildConfiguration;
			buildSettings = {
				ALWAYS_EMBED_SWIFT_STANDARD_LIBRARIES = YES;
				CODE_SIGN_STYLE = Automatic;
				COMBINE_HIDPI_IMAGES = YES;
				INFOPLIST_FILE = ScrcpyHubUITests/Info.plist;
				LD_RUNPATH_SEARCH_PATHS = (
					"$(inherited)",
					"@executable_path/../Frameworks",
					"@loader_path/../Frameworks",
				);
				PRODUCT_BUNDLE_IDENTIFIER = kaleidot725.ScrcpyHubUITests;
				PRODUCT_NAME = "$(TARGET_NAME)";
				SWIFT_VERSION = 5.0;
				TEST_TARGET_NAME = ScrcpyHub;
			};
			name = Debug;
		};
		4E1DC684259AD8DE00C2FAD2 /* Release */ = {
			isa = XCBuildConfiguration;
			buildSettings = {
				ALWAYS_EMBED_SWIFT_STANDARD_LIBRARIES = YES;
				CODE_SIGN_STYLE = Automatic;
				COMBINE_HIDPI_IMAGES = YES;
				INFOPLIST_FILE = ScrcpyHubUITests/Info.plist;
				LD_RUNPATH_SEARCH_PATHS = (
					"$(inherited)",
					"@executable_path/../Frameworks",
					"@loader_path/../Frameworks",
				);
				PRODUCT_BUNDLE_IDENTIFIER = kaleidot725.ScrcpyHubUITests;
				PRODUCT_NAME = "$(TARGET_NAME)";
				SWIFT_VERSION = 5.0;
				TEST_TARGET_NAME = ScrcpyHub;
			};
			name = Release;
		};
/* End XCBuildConfiguration section */

/* Begin XCConfigurationList section */
		4E1DC651259AD8DD00C2FAD2 /* Build configuration list for PBXProject "ScrcpyHub" */ = {
			isa = XCConfigurationList;
			buildConfigurations = (
				4E1DC67A259AD8DE00C2FAD2 /* Debug */,
				4E1DC67B259AD8DE00C2FAD2 /* Release */,
			);
			defaultConfigurationIsVisible = 0;
			defaultConfigurationName = Release;
		};
		4E1DC67C259AD8DE00C2FAD2 /* Build configuration list for PBXNativeTarget "ScrcpyHub" */ = {
			isa = XCConfigurationList;
			buildConfigurations = (
				4E1DC67D259AD8DE00C2FAD2 /* Debug */,
				4E1DC67E259AD8DE00C2FAD2 /* Release */,
			);
			defaultConfigurationIsVisible = 0;
			defaultConfigurationName = Release;
		};
		4E1DC67F259AD8DE00C2FAD2 /* Build configuration list for PBXNativeTarget "ScrcpyHubTests" */ = {
			isa = XCConfigurationList;
			buildConfigurations = (
				4E1DC680259AD8DE00C2FAD2 /* Debug */,
				4E1DC681259AD8DE00C2FAD2 /* Release */,
			);
			defaultConfigurationIsVisible = 0;
			defaultConfigurationName = Release;
		};
		4E1DC682259AD8DE00C2FAD2 /* Build configuration list for PBXNativeTarget "ScrcpyHubUITests" */ = {
			isa = XCConfigurationList;
			buildConfigurations = (
				4E1DC683259AD8DE00C2FAD2 /* Debug */,
				4E1DC684259AD8DE00C2FAD2 /* Release */,
			);
			defaultConfigurationIsVisible = 0;
			defaultConfigurationName = Release;
		};
/* End XCConfigurationList section */
	};
	rootObject = 4E1DC64E259AD8DD00C2FAD2 /* Project object */;
}
